
Microsoft Visual Studio Solution File, Format Version 12.00
Project("{FAE04EC0-301F-11D3-BF4B-00C04F79EFBC}") = "OOP_Exam", "OOP_Exam\OOP_Exam.csproj", "{93526AA5-09D0-4AC6-88AE-2F65AC54103D}"
EndProject
Global
	GlobalSection(SolutionConfigurationPlatforms) = preSolution
		Debug|Any CPU = Debug|Any CPU
		Release|Any CPU = Release|Any CPU
	EndGlobalSection
	GlobalSection(ProjectConfigurationPlatforms) = postSolution
		{93526AA5-09D0-4AC6-88AE-2F65AC54103D}.Debug|Any CPU.ActiveCfg = Debug|Any CPU
		{93526AA5-09D0-4AC6-88AE-2F65AC54103D}.Debug|Any CPU.Build.0 = Debug|Any CPU
		{93526AA5-09D0-4AC6-88AE-2F65AC54103D}.Release|Any CPU.ActiveCfg = Release|Any CPU
		{93526AA5-09D0-4AC6-88AE-2F65AC54103D}.Release|Any CPU.Build.0 = Release|Any CPU
	EndGlobalSection
EndGlobal
